// !$*UTF8*$!
{
	archiveVersion = 1;
	classes = {
	};
	objectVersion = 54;
	objects = {

/* Begin PBXBuildFile section */
		0001E7852EC7B702009251ED /* controlGui.cpp in Sources */ = {isa = PBXBuildFile; fileRef = 0001E7802EC7B702009251ED /* controlGui.cpp */; };
		0001E7862EC7B702009251ED /* midiSender.cpp in Sources */ = {isa = PBXBuildFile; fileRef = 0001E7822EC7B702009251ED /* midiSender.cpp */; };
		0001E7872EC7B702009251ED /* pelota.cpp in Sources */ = {isa = PBXBuildFile; fileRef = 0001E7842EC7B702009251ED /* pelota.cpp */; };
		"065A5408-7F14-4645-B369-824D9F6601D4" /* ofxRtMidiOut.cpp in Sources */ = {isa = PBXBuildFile; fileRef = "83D4014E-19DA-40D5-B29B-5A9A5CA5F799" /* ofxRtMidiOut.cpp */; };
		"073B38F2-ACAF-45AD-AC46-D676D9290DC7" /* ofxInputField.cpp in Sources */ = {isa = PBXBuildFile; fileRef = "EF09C38D-14F9-40E9-AB18-EB0A314D6BF9" /* ofxInputField.cpp */; };
		"07A08DD4-D129-41C4-B110-B7A1E73DE59E" /* ofxBaseGui.cpp in Sources */ = {isa = PBXBuildFile; fileRef = "D2D45AAD-256E-4BA0-A1CC-C7AD14CF5F8F" /* ofxBaseGui.cpp */; };
		"1396D318-2F47-4B6C-8D16-86CB41DB9B97" /* ofxColorPicker.cpp in Sources */ = {isa = PBXBuildFile; fileRef = "5AA82655-9B33-4C00-A080-512222E4B6AA" /* ofxColorPicker.cpp */; };
		"22D1968D-3E91-4702-88A4-B5F5280436ED" /* ofxMidiOut.cpp in Sources */ = {isa = PBXBuildFile; fileRef = "2C4D0551-86E8-4C6C-A0B8-2FE41AF988A3" /* ofxMidiOut.cpp */; };
		"2A05ADE6-DDC7-4A7B-B493-6F58916B6D12" /* ofxToggle.cpp in Sources */ = {isa = PBXBuildFile; fileRef = "EF291705-71E2-4C10-8528-9538930557C6" /* ofxToggle.cpp */; };
		"47115818-0330-4D8A-87C3-7A0069D5BA01" /* ofxSliderGroup.cpp in Sources */ = {isa = PBXBuildFile; fileRef = "9721D6F7-4F38-40EE-BFE4-7E6C6C0DA6FA" /* ofxSliderGroup.cpp */; };
		"4F095C03-6412-48D7-8A87-2EC677D7787C" /* ofxMidiMessage.cpp in Sources */ = {isa = PBXBuildFile; fileRef = "EAAF5BF7-C534-47F3-8A80-BB0DE0A8CBBF" /* ofxMidiMessage.cpp */; };
		"507B5918-C534-4F8F-9DA2-13730AF7CA17" /* RtMidi.cpp in Sources */ = {isa = PBXBuildFile; fileRef = "FB018D58-5672-4238-A2E8-6E8ADEEA2FCD" /* RtMidi.cpp */; };
		"56F41B79-0019-4FBB-B063-99474328B548" /* ofxSlider.cpp in Sources */ = {isa = PBXBuildFile; fileRef = "DD999277-8E35-4933-AA2B-0FFA511AF65F" /* ofxSlider.cpp */; };
		"6F667FE7-0CDB-46B2-A40E-B4BB5D5B960E" /* ofxButton.cpp in Sources */ = {isa = PBXBuildFile; fileRef = "A00EC246-7E52-4141-BA24-BF202A024402" /* ofxButton.cpp */; };
		"84AEEDB0-D566-4751-83CD-28830D9EB8AE" /* CoreMIDI.framework in Frameworks */ = {isa = PBXBuildFile; fileRef = "7A321F81-6C28-4FC3-A63F-43F397F6C7A6" /* CoreMIDI.framework */; };
		"87C7501D-8B27-4870-B90E-3DE0E8216588" /* ofxMidi.cpp in Sources */ = {isa = PBXBuildFile; fileRef = "159030C5-BE71-4D75-9727-0CA7DBF7B8DE" /* ofxMidi.cpp */; };
		"A8E81CD5-3AE4-4DCC-9D62-27F34BB30BE2" /* ofxMidiIn.cpp in Sources */ = {isa = PBXBuildFile; fileRef = "B26AB3F0-95D6-4478-AA7F-EBCCA9B0E93E" /* ofxMidiIn.cpp */; };
		"BE3F43F7-2D89-40EF-93AA-ABD8289A7D74" /* ofxMidiTimecode.cpp in Sources */ = {isa = PBXBuildFile; fileRef = "7DD92F0C-B0C4-43C5-AFC4-BF83EA612417" /* ofxMidiTimecode.cpp */; };
		"CA295410-0F4D-488A-8A13-F5C5B5839352" /* ofxBaseMidi.cpp in Sources */ = {isa = PBXBuildFile; fileRef = "53F9B6B5-9A21-4B42-A6EF-2CC871EAC4E7" /* ofxBaseMidi.cpp */; };
		"D430A00C-4956-454C-B977-475EA60D04FB" /* ofxLabel.cpp in Sources */ = {isa = PBXBuildFile; fileRef = "7662D504-75A6-416D-A36F-66827F2F34D8" /* ofxLabel.cpp */; };
		"D9915521-B59E-4B31-95BC-1DC25392201B" /* ofxMidiClock.cpp in Sources */ = {isa = PBXBuildFile; fileRef = "1F0AA6ED-7537-4885-9117-72C6E9622FA2" /* ofxMidiClock.cpp */; };
		"DC2174CE-DB20-44B0-9F84-EF7E9FFFD52D" /* ofxRtMidiIn.cpp in Sources */ = {isa = PBXBuildFile; fileRef = "945E6940-9B35-4B25-8249-07EF79A4E277" /* ofxRtMidiIn.cpp */; };
		E4B69E200A3A1BDC003C02F2 /* main.cpp in Sources */ = {isa = PBXBuildFile; fileRef = E4B69E1D0A3A1BDC003C02F2 /* main.cpp */; };
		E4B69E210A3A1BDC003C02F2 /* ofApp.cpp in Sources */ = {isa = PBXBuildFile; fileRef = E4B69E1E0A3A1BDC003C02F2 /* ofApp.cpp */; };
		"F85151A2-EF8E-4640-B16E-8FE077CA5BFD" /* ofxPanel.cpp in Sources */ = {isa = PBXBuildFile; fileRef = "E3F9A28B-8156-4400-BCE9-851C2C137509" /* ofxPanel.cpp */; };
		"FC7D8396-D306-455F-AA8F-9FD05434A55B" /* ofxGuiGroup.cpp in Sources */ = {isa = PBXBuildFile; fileRef = "46E28411-54BD-47C7-A9AA-D9AD99CE98BA" /* ofxGuiGroup.cpp */; };
/* End PBXBuildFile section */

/* Begin PBXCopyFilesBuildPhase section */
		E4A5B60F29BAAAE400C2D356 /* CopyFiles */ = {
			isa = PBXCopyFilesBuildPhase;
			buildActionMask = 2147483647;
			dstPath = "";
			dstSubfolderSpec = 6;
			files = (
			);
			runOnlyForDeploymentPostprocessing = 0;
		};
		E4C2427710CC5ABF004149E2 /* CopyFiles */ = {
			isa = PBXCopyFilesBuildPhase;
			buildActionMask = 2147483647;
			dstPath = "";
			dstSubfolderSpec = 10;
			files = (
			);
			runOnlyForDeploymentPostprocessing = 0;
		};
/* End PBXCopyFilesBuildPhase section */

/* Begin PBXFileReference section */
		0001E77F2EC7B702009251ED /* controlGui.h */ = {isa = PBXFileReference; lastKnownFileType = sourcecode.c.h; path = controlGui.h; sourceTree = "<group>"; };
		0001E7802EC7B702009251ED /* controlGui.cpp */ = {isa = PBXFileReference; lastKnownFileType = sourcecode.cpp.cpp; path = controlGui.cpp; sourceTree = "<group>"; };
		0001E7812EC7B702009251ED /* midiSender.h */ = {isa = PBXFileReference; lastKnownFileType = sourcecode.c.h; path = midiSender.h; sourceTree = "<group>"; };
		0001E7822EC7B702009251ED /* midiSender.cpp */ = {isa = PBXFileReference; lastKnownFileType = sourcecode.cpp.cpp; path = midiSender.cpp; sourceTree = "<group>"; };
		0001E7832EC7B702009251ED /* pelota.h */ = {isa = PBXFileReference; lastKnownFileType = sourcecode.c.h; path = pelota.h; sourceTree = "<group>"; };
		0001E7842EC7B702009251ED /* pelota.cpp */ = {isa = PBXFileReference; lastKnownFileType = sourcecode.cpp.cpp; path = pelota.cpp; sourceTree = "<group>"; };
		"043CCB48-008D-4EA3-85AA-787327C94CD4" /* ofxColorPicker.h */ = {isa = PBXFileReference; fileEncoding = 4; lastKnownFileType = sourcecode.cpp.h; path = ofxColorPicker.h; sourceTree = "<group>"; };
		"06ED744F-6D99-4A16-81FC-35CD95F2E064" /* ofxRtMidiIn.h */ = {isa = PBXFileReference; fileEncoding = 4; lastKnownFileType = sourcecode.cpp.h; path = ofxRtMidiIn.h; sourceTree = "<group>"; };
		"07A868C3-CCFB-4B92-825F-DD75DC8CA750" /* ofxBaseGui.h */ = {isa = PBXFileReference; fileEncoding = 4; lastKnownFileType = sourcecode.cpp.h; path = ofxBaseGui.h; sourceTree = "<group>"; };
		"0B300509-279C-4D1C-9950-50D03513AB82" /* ofxLabel.h */ = {isa = PBXFileReference; fileEncoding = 4; lastKnownFileType = sourcecode.cpp.h; path = ofxLabel.h; sourceTree = "<group>"; };
		"11DE7BC3-5D7F-4A60-AF0B-CD63CDEE4759" /* ofxMidiIn.h */ = {isa = PBXFileReference; fileEncoding = 4; lastKnownFileType = sourcecode.cpp.h; path = ofxMidiIn.h; sourceTree = "<group>"; };
		"14FD180E-29F1-4932-AC05-002539B78214" /* ofxInputField.h */ = {isa = PBXFileReference; fileEncoding = 4; lastKnownFileType = sourcecode.cpp.h; path = ofxInputField.h; sourceTree = "<group>"; };
		"159030C5-BE71-4D75-9727-0CA7DBF7B8DE" /* ofxMidi.cpp */ = {isa = PBXFileReference; fileEncoding = 4; lastKnownFileType = sourcecode.cpp.cpp; path = ofxMidi.cpp; sourceTree = "<group>"; };
		191CD6FA2847E21E0085CBB6 /* of.entitlements */ = {isa = PBXFileReference; fileEncoding = 4; lastKnownFileType = text.plist.entitlements; path = of.entitlements; sourceTree = "<group>"; };
		191EF70929D778A400F35F26 /* openFrameworks */ = {isa = PBXFileReference; lastKnownFileType = folder; name = openFrameworks; path = ../../../libs/openFrameworks; sourceTree = SOURCE_ROOT; };
		"1F0AA6ED-7537-4885-9117-72C6E9622FA2" /* ofxMidiClock.cpp */ = {isa = PBXFileReference; fileEncoding = 4; lastKnownFileType = sourcecode.cpp.cpp; path = ofxMidiClock.cpp; sourceTree = "<group>"; };
		"219160C1-AA35-41A1-9D4C-9DAA970BB2E1" /* RtMidi.h */ = {isa = PBXFileReference; fileEncoding = 4; lastKnownFileType = sourcecode.cpp.h; path = RtMidi.h; sourceTree = "<group>"; };
		"2C4D0551-86E8-4C6C-A0B8-2FE41AF988A3" /* ofxMidiOut.cpp */ = {isa = PBXFileReference; fileEncoding = 4; lastKnownFileType = sourcecode.cpp.cpp; path = ofxMidiOut.cpp; sourceTree = "<group>"; };
		"3EE064F1-1EA5-41B8-B76E-7978F98CD0EF" /* ofxGuiGroup.h */ = {isa = PBXFileReference; fileEncoding = 4; lastKnownFileType = sourcecode.cpp.h; path = ofxGuiGroup.h; sourceTree = "<group>"; };
		"46E28411-54BD-47C7-A9AA-D9AD99CE98BA" /* ofxGuiGroup.cpp */ = {isa = PBXFileReference; fileEncoding = 4; lastKnownFileType = sourcecode.cpp.cpp; path = ofxGuiGroup.cpp; sourceTree = "<group>"; };
		"4C522A57-9E8C-4A8B-B787-90E7DFC9D958" /* ofxGui.h */ = {isa = PBXFileReference; fileEncoding = 4; lastKnownFileType = sourcecode.cpp.h; path = ofxGui.h; sourceTree = "<group>"; };
		"53F9B6B5-9A21-4B42-A6EF-2CC871EAC4E7" /* ofxBaseMidi.cpp */ = {isa = PBXFileReference; fileEncoding = 4; lastKnownFileType = sourcecode.cpp.cpp; path = ofxBaseMidi.cpp; sourceTree = "<group>"; };
		"5AA82655-9B33-4C00-A080-512222E4B6AA" /* ofxColorPicker.cpp */ = {isa = PBXFileReference; fileEncoding = 4; lastKnownFileType = sourcecode.cpp.cpp; path = ofxColorPicker.cpp; sourceTree = "<group>"; };
		"5BA806F1-16C5-4B9A-8262-C930D18D34B8" /* ofxMidiMessage.h */ = {isa = PBXFileReference; fileEncoding = 4; lastKnownFileType = sourcecode.cpp.h; path = ofxMidiMessage.h; sourceTree = "<group>"; };
		"6516E163-035D-47A5-915E-4158422DA10E" /* ofxSliderGroup.h */ = {isa = PBXFileReference; fileEncoding = 4; lastKnownFileType = sourcecode.cpp.h; path = ofxSliderGroup.h; sourceTree = "<group>"; };
		"6F90BE5C-7F79-4494-A397-0D0C5C86118D" /* ofxToggle.h */ = {isa = PBXFileReference; fileEncoding = 4; lastKnownFileType = sourcecode.cpp.h; path = ofxToggle.h; sourceTree = "<group>"; };
		"7662D504-75A6-416D-A36F-66827F2F34D8" /* ofxLabel.cpp */ = {isa = PBXFileReference; fileEncoding = 4; lastKnownFileType = sourcecode.cpp.cpp; path = ofxLabel.cpp; sourceTree = "<group>"; };
		"7A321F81-6C28-4FC3-A63F-43F397F6C7A6" /* CoreMIDI.framework */ = {isa = PBXFileReference; fileEncoding = 4; lastKnownFileType = wrapper.framework; name = CoreMIDI.framework; path = System/Library/Frameworks/CoreMIDI.framework; sourceTree = SDKROOT; };
		"7BEAE62C-CDA3-4E24-8594-41CAE6D0F80D" /* ofxMidiOut.h */ = {isa = PBXFileReference; fileEncoding = 4; lastKnownFileType = sourcecode.cpp.h; path = ofxMidiOut.h; sourceTree = "<group>"; };
		"7DD92F0C-B0C4-43C5-AFC4-BF83EA612417" /* ofxMidiTimecode.cpp */ = {isa = PBXFileReference; fileEncoding = 4; lastKnownFileType = sourcecode.cpp.cpp; path = ofxMidiTimecode.cpp; sourceTree = "<group>"; };
		"83D4014E-19DA-40D5-B29B-5A9A5CA5F799" /* ofxRtMidiOut.cpp */ = {isa = PBXFileReference; fileEncoding = 4; lastKnownFileType = sourcecode.cpp.cpp; path = ofxRtMidiOut.cpp; sourceTree = "<group>"; };
		"8F688BC8-F563-4116-8EF2-518CB73D7922" /* ofxMidiTimecode.h */ = {isa = PBXFileReference; fileEncoding = 4; lastKnownFileType = sourcecode.cpp.h; path = ofxMidiTimecode.h; sourceTree = "<group>"; };
		"945E6940-9B35-4B25-8249-07EF79A4E277" /* ofxRtMidiIn.cpp */ = {isa = PBXFileReference; fileEncoding = 4; lastKnownFileType = sourcecode.cpp.cpp; path = ofxRtMidiIn.cpp; sourceTree = "<group>"; };
		"9721D6F7-4F38-40EE-BFE4-7E6C6C0DA6FA" /* ofxSliderGroup.cpp */ = {isa = PBXFileReference; fileEncoding = 4; lastKnownFileType = sourcecode.cpp.cpp; path = ofxSliderGroup.cpp; sourceTree = "<group>"; };
		"98EFD7FD-FD39-4478-8EF0-A319F75109E7" /* ofxButton.h */ = {isa = PBXFileReference; fileEncoding = 4; lastKnownFileType = sourcecode.cpp.h; path = ofxButton.h; sourceTree = "<group>"; };
		"9E90C99A-A03E-45E8-8070-DA6A0E13C510" /* ofxBaseMidi.h */ = {isa = PBXFileReference; fileEncoding = 4; lastKnownFileType = sourcecode.cpp.h; path = ofxBaseMidi.h; sourceTree = "<group>"; };
		"A00EC246-7E52-4141-BA24-BF202A024402" /* ofxButton.cpp */ = {isa = PBXFileReference; fileEncoding = 4; lastKnownFileType = sourcecode.cpp.cpp; path = ofxButton.cpp; sourceTree = "<group>"; };
		"A25B2E18-AAFC-416F-9919-1D87DA9886F0" /* ofxMidi.h */ = {isa = PBXFileReference; fileEncoding = 4; lastKnownFileType = sourcecode.cpp.h; path = ofxMidi.h; sourceTree = "<group>"; };
		"B26AB3F0-95D6-4478-AA7F-EBCCA9B0E93E" /* ofxMidiIn.cpp */ = {isa = PBXFileReference; fileEncoding = 4; lastKnownFileType = sourcecode.cpp.cpp; path = ofxMidiIn.cpp; sourceTree = "<group>"; };
		"B5A55EDA-D6D8-4005-AE0C-B6754CE8A92F" /* ofxPanel.h */ = {isa = PBXFileReference; fileEncoding = 4; lastKnownFileType = sourcecode.cpp.h; path = ofxPanel.h; sourceTree = "<group>"; };
		"B8DC6929-A419-41B5-80B6-0A28A07DA7E5" /* ofxMidiConstants.h */ = {isa = PBXFileReference; fileEncoding = 4; lastKnownFileType = sourcecode.cpp.h; path = ofxMidiConstants.h; sourceTree = "<group>"; };
		"C16241E9-B270-4054-B5CE-34FED5D365D9" /* ofxGuiUtils.h */ = {isa = PBXFileReference; fileEncoding = 4; lastKnownFileType = sourcecode.cpp.h; path = ofxGuiUtils.h; sourceTree = "<group>"; };
		"D2D45AAD-256E-4BA0-A1CC-C7AD14CF5F8F" /* ofxBaseGui.cpp */ = {isa = PBXFileReference; fileEncoding = 4; lastKnownFileType = sourcecode.cpp.cpp; path = ofxBaseGui.cpp; sourceTree = "<group>"; };
		"D3E0725C-3F5C-445C-A926-9B33F06B7F4E" /* ofxRtMidiOut.h */ = {isa = PBXFileReference; fileEncoding = 4; lastKnownFileType = sourcecode.cpp.h; path = ofxRtMidiOut.h; sourceTree = "<group>"; };
		"D4DA01AC-17AD-4FCB-B0D9-4477DB93F4D3" /* ofxMidiTypes.h */ = {isa = PBXFileReference; fileEncoding = 4; lastKnownFileType = sourcecode.cpp.h; path = ofxMidiTypes.h; sourceTree = "<group>"; };
		"D8E7DF14-A061-4C7A-9B2D-FE57E9F0BE5D" /* ofxSlider.h */ = {isa = PBXFileReference; fileEncoding = 4; lastKnownFileType = sourcecode.cpp.h; path = ofxSlider.h; sourceTree = "<group>"; };
		"DD999277-8E35-4933-AA2B-0FFA511AF65F" /* ofxSlider.cpp */ = {isa = PBXFileReference; fileEncoding = 4; lastKnownFileType = sourcecode.cpp.cpp; path = ofxSlider.cpp; sourceTree = "<group>"; };
		"E3F9A28B-8156-4400-BCE9-851C2C137509" /* ofxPanel.cpp */ = {isa = PBXFileReference; fileEncoding = 4; lastKnownFileType = sourcecode.cpp.cpp; path = ofxPanel.cpp; sourceTree = "<group>"; };
		E4B69B5B0A3A1756003C02F2 /* P y A - Trabajo Final 01Debug.app */ = {isa = PBXFileReference; explicitFileType = wrapper.application; includeInIndex = 0; path = "P y A - Trabajo Final 01Debug.app"; sourceTree = BUILT_PRODUCTS_DIR; };
		E4B69E1D0A3A1BDC003C02F2 /* main.cpp */ = {isa = PBXFileReference; fileEncoding = 4; lastKnownFileType = sourcecode.cpp.cpp; name = main.cpp; path = src/main.cpp; sourceTree = SOURCE_ROOT; };
		E4B69E1E0A3A1BDC003C02F2 /* ofApp.cpp */ = {isa = PBXFileReference; explicitFileType = sourcecode.cpp.cpp; fileEncoding = 4; name = ofApp.cpp; path = src/ofApp.cpp; sourceTree = SOURCE_ROOT; };
		E4B69E1F0A3A1BDC003C02F2 /* ofApp.h */ = {isa = PBXFileReference; fileEncoding = 4; lastKnownFileType = sourcecode.c.h; name = ofApp.h; path = src/ofApp.h; sourceTree = SOURCE_ROOT; };
		E4B6FCAD0C3E899E008CF71C /* openFrameworks-Info.plist */ = {isa = PBXFileReference; fileEncoding = 4; lastKnownFileType = text.plist.xml; path = "openFrameworks-Info.plist"; sourceTree = "<group>"; };
		E4EB6923138AFD0F00A09F29 /* Project.xcconfig */ = {isa = PBXFileReference; fileEncoding = 4; lastKnownFileType = text.xcconfig; path = Project.xcconfig; sourceTree = "<group>"; };
		"EAAF5BF7-C534-47F3-8A80-BB0DE0A8CBBF" /* ofxMidiMessage.cpp */ = {isa = PBXFileReference; fileEncoding = 4; lastKnownFileType = sourcecode.cpp.cpp; path = ofxMidiMessage.cpp; sourceTree = "<group>"; };
		"EC265116-048F-4249-BB14-45086C4D75CD" /* data */ = {isa = PBXFileReference; fileEncoding = 4; lastKnownFileType = folder; name = data; path = bin/data; sourceTree = SOURCE_ROOT; };
		"EF09C38D-14F9-40E9-AB18-EB0A314D6BF9" /* ofxInputField.cpp */ = {isa = PBXFileReference; fileEncoding = 4; lastKnownFileType = sourcecode.cpp.cpp; path = ofxInputField.cpp; sourceTree = "<group>"; };
		"EF291705-71E2-4C10-8528-9538930557C6" /* ofxToggle.cpp */ = {isa = PBXFileReference; fileEncoding = 4; lastKnownFileType = sourcecode.cpp.cpp; path = ofxToggle.cpp; sourceTree = "<group>"; };
		"F1485825-092D-4DA1-9E56-F90C22C1D3D7" /* ofxMidiClock.h */ = {isa = PBXFileReference; fileEncoding = 4; lastKnownFileType = sourcecode.cpp.h; path = ofxMidiClock.h; sourceTree = "<group>"; };
		"FB018D58-5672-4238-A2E8-6E8ADEEA2FCD" /* RtMidi.cpp */ = {isa = PBXFileReference; fileEncoding = 4; lastKnownFileType = sourcecode.cpp.cpp; path = RtMidi.cpp; sourceTree = "<group>"; };
/* End PBXFileReference section */

/* Begin PBXFrameworksBuildPhase section */
		E4B69B590A3A1756003C02F2 /* Frameworks */ = {
			isa = PBXFrameworksBuildPhase;
			buildActionMask = 2147483647;
			files = (
				"84AEEDB0-D566-4751-83CD-28830D9EB8AE" /* CoreMIDI.framework in Frameworks */,
			);
			runOnlyForDeploymentPostprocessing = 0;
		};
/* End PBXFrameworksBuildPhase section */

/* Begin PBXGroup section */
		"149F44EA-808D-4801-A985-B681A9B618BD" /* Frameworks */ = {
			isa = PBXGroup;
			children = (
				"7A321F81-6C28-4FC3-A63F-43F397F6C7A6" /* CoreMIDI.framework */,
			);
			name = Frameworks;
			sourceTree = SOURCE_ROOT;
		};
		"51472B90-3530-4639-A137-2B90405A6BB9" /* desktop */ = {
			isa = PBXGroup;
			children = (
				"945E6940-9B35-4B25-8249-07EF79A4E277" /* ofxRtMidiIn.cpp */,
				"06ED744F-6D99-4A16-81FC-35CD95F2E064" /* ofxRtMidiIn.h */,
				"83D4014E-19DA-40D5-B29B-5A9A5CA5F799" /* ofxRtMidiOut.cpp */,
				"D3E0725C-3F5C-445C-A926-9B33F06B7F4E" /* ofxRtMidiOut.h */,
			);
			path = desktop;
			sourceTree = "<group>";
		};
		"95AAB7E2-C930-4DD8-B9A6-ED7C7057059B" /* ofxMidi */ = {
			isa = PBXGroup;
			children = (
				"E13088BC-E699-47ED-9283-C53EA6051277" /* libs */,
				"BFDD3427-F4BF-4C52-A09F-50100CE8BB52" /* src */,
			);
			path = ofxMidi;
			sourceTree = "<group>";
		};
		"A2E38081-352D-4A89-B0FE-EA59FA485E9F" /* ofxGui */ = {
			isa = PBXGroup;
			children = (
				"F97CE18C-C553-4C5B-9B61-C1BC4CB393E8" /* src */,
			);
			path = ofxGui;
			sourceTree = "<group>";
		};
		BB4B014C10F69532006C3DED /* addons */ = {
			isa = PBXGroup;
			children = (
				"A2E38081-352D-4A89-B0FE-EA59FA485E9F" /* ofxGui */,
				"95AAB7E2-C930-4DD8-B9A6-ED7C7057059B" /* ofxMidi */,
			);
			name = addons;
			path = ../../../addons;
			sourceTree = SOURCE_ROOT;
		};
		"BFDD3427-F4BF-4C52-A09F-50100CE8BB52" /* src */ = {
			isa = PBXGroup;
			children = (
				"51472B90-3530-4639-A137-2B90405A6BB9" /* desktop */,
				"53F9B6B5-9A21-4B42-A6EF-2CC871EAC4E7" /* ofxBaseMidi.cpp */,
				"9E90C99A-A03E-45E8-8070-DA6A0E13C510" /* ofxBaseMidi.h */,
				"159030C5-BE71-4D75-9727-0CA7DBF7B8DE" /* ofxMidi.cpp */,
				"A25B2E18-AAFC-416F-9919-1D87DA9886F0" /* ofxMidi.h */,
				"1F0AA6ED-7537-4885-9117-72C6E9622FA2" /* ofxMidiClock.cpp */,
				"F1485825-092D-4DA1-9E56-F90C22C1D3D7" /* ofxMidiClock.h */,
				"B8DC6929-A419-41B5-80B6-0A28A07DA7E5" /* ofxMidiConstants.h */,
				"B26AB3F0-95D6-4478-AA7F-EBCCA9B0E93E" /* ofxMidiIn.cpp */,
				"11DE7BC3-5D7F-4A60-AF0B-CD63CDEE4759" /* ofxMidiIn.h */,
				"EAAF5BF7-C534-47F3-8A80-BB0DE0A8CBBF" /* ofxMidiMessage.cpp */,
				"5BA806F1-16C5-4B9A-8262-C930D18D34B8" /* ofxMidiMessage.h */,
				"2C4D0551-86E8-4C6C-A0B8-2FE41AF988A3" /* ofxMidiOut.cpp */,
				"7BEAE62C-CDA3-4E24-8594-41CAE6D0F80D" /* ofxMidiOut.h */,
				"7DD92F0C-B0C4-43C5-AFC4-BF83EA612417" /* ofxMidiTimecode.cpp */,
				"8F688BC8-F563-4116-8EF2-518CB73D7922" /* ofxMidiTimecode.h */,
				"D4DA01AC-17AD-4FCB-B0D9-4477DB93F4D3" /* ofxMidiTypes.h */,
			);
			path = src;
			sourceTree = "<group>";
		};
		"CB0AE582-945A-44F0-A153-9255E29C467D" /* rtmidi */ = {
			isa = PBXGroup;
			children = (
				"FB018D58-5672-4238-A2E8-6E8ADEEA2FCD" /* RtMidi.cpp */,
				"219160C1-AA35-41A1-9D4C-9DAA970BB2E1" /* RtMidi.h */,
			);
			path = rtmidi;
			sourceTree = "<group>";
		};
		"E13088BC-E699-47ED-9283-C53EA6051277" /* libs */ = {
			isa = PBXGroup;
			children = (
				"CB0AE582-945A-44F0-A153-9255E29C467D" /* rtmidi */,
			);
			path = libs;
			sourceTree = "<group>";
		};
		E4B69B4A0A3A1720003C02F2 = {
			isa = PBXGroup;
			children = (
				191CD6FA2847E21E0085CBB6 /* of.entitlements */,
				E4B6FCAD0C3E899E008CF71C /* openFrameworks-Info.plist */,
				E4EB6923138AFD0F00A09F29 /* Project.xcconfig */,
				E4B69E1C0A3A1BDC003C02F2 /* src */,
				191EF70929D778A400F35F26 /* openFrameworks */,
				BB4B014C10F69532006C3DED /* addons */,
				E4B69B5B0A3A1756003C02F2 /* P y A - Trabajo Final 01Debug.app */,
				"149F44EA-808D-4801-A985-B681A9B618BD" /* Frameworks */,
				"EC265116-048F-4249-BB14-45086C4D75CD" /* data */,
			);
			sourceTree = "<group>";
		};
		E4B69E1C0A3A1BDC003C02F2 /* src */ = {
			isa = PBXGroup;
			children = (
				0001E77F2EC7B702009251ED /* controlGui.h */,
				0001E7802EC7B702009251ED /* controlGui.cpp */,
				0001E7812EC7B702009251ED /* midiSender.h */,
				0001E7822EC7B702009251ED /* midiSender.cpp */,
				0001E7832EC7B702009251ED /* pelota.h */,
				0001E7842EC7B702009251ED /* pelota.cpp */,
				E4B69E1D0A3A1BDC003C02F2 /* main.cpp */,
				E4B69E1E0A3A1BDC003C02F2 /* ofApp.cpp */,
				E4B69E1F0A3A1BDC003C02F2 /* ofApp.h */,
			);
			path = src;
			sourceTree = SOURCE_ROOT;
		};
		"F97CE18C-C553-4C5B-9B61-C1BC4CB393E8" /* src */ = {
			isa = PBXGroup;
			children = (
				"D2D45AAD-256E-4BA0-A1CC-C7AD14CF5F8F" /* ofxBaseGui.cpp */,
				"07A868C3-CCFB-4B92-825F-DD75DC8CA750" /* ofxBaseGui.h */,
				"A00EC246-7E52-4141-BA24-BF202A024402" /* ofxButton.cpp */,
				"98EFD7FD-FD39-4478-8EF0-A319F75109E7" /* ofxButton.h */,
				"5AA82655-9B33-4C00-A080-512222E4B6AA" /* ofxColorPicker.cpp */,
				"043CCB48-008D-4EA3-85AA-787327C94CD4" /* ofxColorPicker.h */,
				"4C522A57-9E8C-4A8B-B787-90E7DFC9D958" /* ofxGui.h */,
				"46E28411-54BD-47C7-A9AA-D9AD99CE98BA" /* ofxGuiGroup.cpp */,
				"3EE064F1-1EA5-41B8-B76E-7978F98CD0EF" /* ofxGuiGroup.h */,
				"C16241E9-B270-4054-B5CE-34FED5D365D9" /* ofxGuiUtils.h */,
				"EF09C38D-14F9-40E9-AB18-EB0A314D6BF9" /* ofxInputField.cpp */,
				"14FD180E-29F1-4932-AC05-002539B78214" /* ofxInputField.h */,
				"7662D504-75A6-416D-A36F-66827F2F34D8" /* ofxLabel.cpp */,
				"0B300509-279C-4D1C-9950-50D03513AB82" /* ofxLabel.h */,
				"E3F9A28B-8156-4400-BCE9-851C2C137509" /* ofxPanel.cpp */,
				"B5A55EDA-D6D8-4005-AE0C-B6754CE8A92F" /* ofxPanel.h */,
				"DD999277-8E35-4933-AA2B-0FFA511AF65F" /* ofxSlider.cpp */,
				"D8E7DF14-A061-4C7A-9B2D-FE57E9F0BE5D" /* ofxSlider.h */,
				"9721D6F7-4F38-40EE-BFE4-7E6C6C0DA6FA" /* ofxSliderGroup.cpp */,
				"6516E163-035D-47A5-915E-4158422DA10E" /* ofxSliderGroup.h */,
				"EF291705-71E2-4C10-8528-9538930557C6" /* ofxToggle.cpp */,
				"6F90BE5C-7F79-4494-A397-0D0C5C86118D" /* ofxToggle.h */,
			);
			path = src;
			sourceTree = "<group>";
		};
/* End PBXGroup section */

/* Begin PBXNativeTarget section */
		E4B69B5A0A3A1756003C02F2 /* P y A - Trabajo Final 01 */ = {
			isa = PBXNativeTarget;
			buildConfigurationList = E4B69B5F0A3A1757003C02F2 /* Build configuration list for PBXNativeTarget "P y A - Trabajo Final 01" */;
			buildPhases = (
				E42962A92163ECCD00A6A9E2 /* Run Script — Compile OF */,
				E4B69B580A3A1756003C02F2 /* Sources */,
				E4B69B590A3A1756003C02F2 /* Frameworks */,
				E4C2427710CC5ABF004149E2 /* CopyFiles */,
				E4A5B60F29BAAAE400C2D356 /* CopyFiles */,
				19B789C429E5AB4A0082E9B8 /* ShellScript */,
			);
			buildRules = (
			);
			dependencies = (
			);
			name = "P y A - Trabajo Final 01";
			productName = myOFApp;
			productReference = E4B69B5B0A3A1756003C02F2 /* P y A - Trabajo Final 01Debug.app */;
			productType = "com.apple.product-type.application";
		};
/* End PBXNativeTarget section */

/* Begin PBXProject section */
		E4B69B4C0A3A1720003C02F2 /* Project object */ = {
			isa = PBXProject;
			attributes = {
				BuildIndependentTargetsInParallel = YES;
				LastUpgradeCheck = 1540;
			};
			buildConfigurationList = E4B69B4D0A3A1720003C02F2 /* Build configuration list for PBXProject "P y A - Trabajo Final 01" */;
			compatibilityVersion = "Xcode 3.2";
			developmentRegion = en;
			hasScannedForEncodings = 0;
			knownRegions = (
				en,
				Base,
			);
			mainGroup = E4B69B4A0A3A1720003C02F2;
			productRefGroup = E4B69B4A0A3A1720003C02F2;
			projectDirPath = "";
			projectRoot = "";
			targets = (
				E4B69B5A0A3A1756003C02F2 /* P y A - Trabajo Final 01 */,
			);
		};
/* End PBXProject section */

/* Begin PBXShellScriptBuildPhase section */
		19B789C429E5AB4A0082E9B8 /* ShellScript */ = {
			isa = PBXShellScriptBuildPhase;
			alwaysOutOfDate = 1;
			buildActionMask = 2147483647;
			files = (
			);
			inputFileListPaths = (
			);
			inputPaths = (
			);
			outputFileListPaths = (
			);
			outputPaths = (
			);
			runOnlyForDeploymentPostprocessing = 0;
			shellPath = /bin/sh;
			shellScript = "\"$OF_PATH/scripts/osx/xcode_project.sh\"\n";
			showEnvVarsInLog = 0;
		};
		E42962A92163ECCD00A6A9E2 /* Run Script — Compile OF */ = {
			isa = PBXShellScriptBuildPhase;
			alwaysOutOfDate = 1;
			buildActionMask = 2147483647;
			files = (
			);
			inputPaths = (
			);
			name = "Run Script — Compile OF";
			outputPaths = (
			);
			runOnlyForDeploymentPostprocessing = 0;
			shellPath = /bin/sh;
			shellScript = "$OF_CORE_BUILD_COMMAND\n";
			showEnvVarsInLog = 0;
		};
/* End PBXShellScriptBuildPhase section */

/* Begin PBXSourcesBuildPhase section */
		E4B69B580A3A1756003C02F2 /* Sources */ = {
			isa = PBXSourcesBuildPhase;
			buildActionMask = 2147483647;
			files = (
				E4B69E200A3A1BDC003C02F2 /* main.cpp in Sources */,
				E4B69E210A3A1BDC003C02F2 /* ofApp.cpp in Sources */,
				"07A08DD4-D129-41C4-B110-B7A1E73DE59E" /* ofxBaseGui.cpp in Sources */,
				"6F667FE7-0CDB-46B2-A40E-B4BB5D5B960E" /* ofxButton.cpp in Sources */,
				"1396D318-2F47-4B6C-8D16-86CB41DB9B97" /* ofxColorPicker.cpp in Sources */,
				"FC7D8396-D306-455F-AA8F-9FD05434A55B" /* ofxGuiGroup.cpp in Sources */,
				"073B38F2-ACAF-45AD-AC46-D676D9290DC7" /* ofxInputField.cpp in Sources */,
				"D430A00C-4956-454C-B977-475EA60D04FB" /* ofxLabel.cpp in Sources */,
				"F85151A2-EF8E-4640-B16E-8FE077CA5BFD" /* ofxPanel.cpp in Sources */,
				"56F41B79-0019-4FBB-B063-99474328B548" /* ofxSlider.cpp in Sources */,
				"47115818-0330-4D8A-87C3-7A0069D5BA01" /* ofxSliderGroup.cpp in Sources */,
				"2A05ADE6-DDC7-4A7B-B493-6F58916B6D12" /* ofxToggle.cpp in Sources */,
				"507B5918-C534-4F8F-9DA2-13730AF7CA17" /* RtMidi.cpp in Sources */,
				"DC2174CE-DB20-44B0-9F84-EF7E9FFFD52D" /* ofxRtMidiIn.cpp in Sources */,
				"065A5408-7F14-4645-B369-824D9F6601D4" /* ofxRtMidiOut.cpp in Sources */,
				"CA295410-0F4D-488A-8A13-F5C5B5839352" /* ofxBaseMidi.cpp in Sources */,
				"87C7501D-8B27-4870-B90E-3DE0E8216588" /* ofxMidi.cpp in Sources */,
				"D9915521-B59E-4B31-95BC-1DC25392201B" /* ofxMidiClock.cpp in Sources */,
				0001E7852EC7B702009251ED /* controlGui.cpp in Sources */,
				0001E7862EC7B702009251ED /* midiSender.cpp in Sources */,
				0001E7872EC7B702009251ED /* pelota.cpp in Sources */,
				"A8E81CD5-3AE4-4DCC-9D62-27F34BB30BE2" /* ofxMidiIn.cpp in Sources */,
				"4F095C03-6412-48D7-8A87-2EC677D7787C" /* ofxMidiMessage.cpp in Sources */,
				"22D1968D-3E91-4702-88A4-B5F5280436ED" /* ofxMidiOut.cpp in Sources */,
				"BE3F43F7-2D89-40EF-93AA-ABD8289A7D74" /* ofxMidiTimecode.cpp in Sources */,
			);
			runOnlyForDeploymentPostprocessing = 0;
		};
/* End PBXSourcesBuildPhase section */

/* Begin XCBuildConfiguration section */
		E4B69B4E0A3A1720003C02F2 /* Debug */ = {
			isa = XCBuildConfiguration;
			baseConfigurationReference = E4EB6923138AFD0F00A09F29 /* Project.xcconfig */;
			buildSettings = {
				CODE_SIGN_ENTITLEMENTS = of.entitlements;
				COPY_PHASE_STRIP = NO;
				ENABLE_TESTABILITY = YES;
				GCC_OPTIMIZATION_LEVEL = 0;
				GCC_WARN_UNUSED_VARIABLE = NO;
				HEADER_SEARCH_PATHS = (
					"$(OF_CORE_HEADERS)",
					src,
				);
				OTHER_CPLUSPLUSFLAGS = "-D__MACOSX_CORE__";
			};
			name = Debug;
		};
		E4B69B4F0A3A1720003C02F2 /* Release */ = {
			isa = XCBuildConfiguration;
			baseConfigurationReference = E4EB6923138AFD0F00A09F29 /* Project.xcconfig */;
			buildSettings = {
				CODE_SIGN_ENTITLEMENTS = of.entitlements;
				COPY_PHASE_STRIP = YES;
				GCC_OPTIMIZATION_LEVEL = 3;
				GCC_UNROLL_LOOPS = YES;
				HEADER_SEARCH_PATHS = (
					"$(OF_CORE_HEADERS)",
					src,
				);
				OTHER_CPLUSPLUSFLAGS = "-D__MACOSX_CORE__";
			};
			name = Release;
		};
		E4B69B600A3A1757003C02F2 /* Debug */ = {
			isa = XCBuildConfiguration;
			baseConfigurationReference = E4EB6923138AFD0F00A09F29 /* Project.xcconfig */;
			buildSettings = {
				ARCHS = "$(ARCHS_STANDARD)";
				COPY_PHASE_STRIP = NO;
				FRAMEWORK_SEARCH_PATHS = "$(inherited)";
				GCC_DYNAMIC_NO_PIC = NO;
				HEADER_SEARCH_PATHS = (
					"$(OF_CORE_HEADERS)",
					src,
					../../../addons/ofxGui/src,
					../../../addons/ofxMidi/libs,
					../../../addons/ofxMidi/libs/pgmidi,
					../../../addons/ofxMidi/libs/rtmidi,
					../../../addons/ofxMidi/src,
					../../../addons/ofxMidi/src/desktop,
					../../../addons/ofxMidi/src/ios,
				);
				LIBRARY_SEARCH_PATHS = "$(inherited)";
				OTHER_LDFLAGS = (
					"$(OF_CORE_LIBS)",
					"$(OF_CORE_FRAMEWORKS)",
					"$(LIB_OF_DEBUG)",
				);
			};
			name = Debug;
		};
		E4B69B610A3A1757003C02F2 /* Release */ = {
			isa = XCBuildConfiguration;
			baseConfigurationReference = E4EB6923138AFD0F00A09F29 /* Project.xcconfig */;
			buildSettings = {
				ARCHS = "$(ARCHS_STANDARD)";
				COPY_PHASE_STRIP = YES;
				FRAMEWORK_SEARCH_PATHS = "$(inherited)";
				HEADER_SEARCH_PATHS = (
					"$(OF_CORE_HEADERS)",
					src,
					../../../addons/ofxGui/src,
					../../../addons/ofxMidi/libs,
					../../../addons/ofxMidi/libs/pgmidi,
					../../../addons/ofxMidi/libs/rtmidi,
					../../../addons/ofxMidi/src,
					../../../addons/ofxMidi/src/desktop,
					../../../addons/ofxMidi/src/ios,
				);
				LIBRARY_SEARCH_PATHS = "$(inherited)";
				OTHER_LDFLAGS = (
					"$(OF_CORE_LIBS)",
					"$(OF_CORE_FRAMEWORKS)",
					"$(LIB_OF_RELEASE)",
				);
				baseConfigurationReference = E4EB6923138AFD0F00A09F29;
			};
			name = Release;
		};
/* End XCBuildConfiguration section */

/* Begin XCConfigurationList section */
		E4B69B4D0A3A1720003C02F2 /* Build configuration list for PBXProject "P y A - Trabajo Final 01" */ = {
			isa = XCConfigurationList;
			buildConfigurations = (
				E4B69B4E0A3A1720003C02F2 /* Debug */,
				E4B69B4F0A3A1720003C02F2 /* Release */,
			);
			defaultConfigurationIsVisible = 0;
			defaultConfigurationName = Release;
		};
		E4B69B5F0A3A1757003C02F2 /* Build configuration list for PBXNativeTarget "P y A - Trabajo Final 01" */ = {
			isa = XCConfigurationList;
			buildConfigurations = (
				E4B69B600A3A1757003C02F2 /* Debug */,
				E4B69B610A3A1757003C02F2 /* Release */,
			);
			defaultConfigurationIsVisible = 0;
			defaultConfigurationName = Release;
		};
/* End XCConfigurationList section */
	};
	rootObject = E4B69B4C0A3A1720003C02F2 /* Project object */;
}
